
Microsoft Visual Studio Solution File, Format Version 12.00
# Visual Studio Version 17
VisualStudioVersion = 17.2.32526.322
MinimumVisualStudioVersion = 10.0.40219.1
Project("{FAE04EC0-301F-11D3-BF4B-00C04F79EFBC}") = "ImplementingCarApplication", "ImplementingCarApplication\ImplementingCarApplication.csproj", "{8B91EE7D-0A13-4D94-A5C4-12662ED64CF0}"
EndProject
Global
	GlobalSection(SolutionConfigurationPlatforms) = preSolution
		Debug|Any CPU = Debug|Any CPU
		Release|Any CPU = Release|Any CPU
	EndGlobalSection
	GlobalSection(ProjectConfigurationPlatforms) = postSolution
		{8B91EE7D-0A13-4D94-A5C4-12662ED64CF0}.Debug|Any CPU.ActiveCfg = Debug|Any CPU
		{8B91EE7D-0A13-4D94-A5C4-12662ED64CF0}.Debug|Any CPU.Build.0 = Debug|Any CPU
		{8B91EE7D-0A13-4D94-A5C4-12662ED64CF0}.Release|Any CPU.ActiveCfg = Release|Any CPU
		{8B91EE7D-0A13-4D94-A5C4-12662ED64CF0}.Release|Any CPU.Build.0 = Release|Any CPU
	EndGlobalSection
	GlobalSection(SolutionProperties) = preSolution
		HideSolutionNode = FALSE
	EndGlobalSection
	GlobalSection(ExtensibilityGlobals) = postSolution
		SolutionGuid = {0766A53E-BCFB-4F88-8E32-BACC7902760F}
	EndGlobalSection
EndGlobal
